
Microsoft Visual Studio Solution File, Format Version 12.00
# Visual Studio Version 17
VisualStudioVersion = 17.5.002.0
MinimumVisualStudioVersion = 10.0.40219.1
Project("{9A19103F-16F7-4668-BE54-9A1E7A4F7556}") = "ClassesObjetos", "ClassesObjetos\ClassesObjetos.csproj", "{BEED7F6C-AE3F-484A-BA07-E11F258886EB}"
EndProject
Global
	GlobalSection(SolutionConfigurationPlatforms) = preSolution
		Debug|Any CPU = Debug|Any CPU
		Release|Any CPU = Release|Any CPU
	EndGlobalSection
	GlobalSection(ProjectConfigurationPlatforms) = postSolution
		{BEED7F6C-AE3F-484A-BA07-E11F258886EB}.Debug|Any CPU.ActiveCfg = Debug|Any CPU
		{BEED7F6C-AE3F-484A-BA07-E11F258886EB}.Debug|Any CPU.Build.0 = Debug|Any CPU
		{BEED7F6C-AE3F-484A-BA07-E11F258886EB}.Release|Any CPU.ActiveCfg = Release|Any CPU
		{BEED7F6C-AE3F-484A-BA07-E11F258886EB}.Release|Any CPU.Build.0 = Release|Any CPU
	EndGlobalSection
	GlobalSection(SolutionProperties) = preSolution
		HideSolutionNode = FALSE
	EndGlobalSection
	GlobalSection(ExtensibilityGlobals) = postSolution
		SolutionGuid = {D9B2D571-438C-44AE-BCF2-84ABFEBAC7F8}
	EndGlobalSection
EndGlobal
