
Microsoft Visual Studio Solution File, Format Version 12.00
# Visual Studio Version 17
VisualStudioVersion = 17.5.002.0
MinimumVisualStudioVersion = 10.0.40219.1
Project("{9A19103F-16F7-4668-BE54-9A1E7A4F7556}") = "Calculador", "Calculador.csproj", "{8AB08583-6463-4178-BFA8-335F3401157D}"
EndProject
Global
	GlobalSection(SolutionConfigurationPlatforms) = preSolution
		Debug|Any CPU = Debug|Any CPU
		Release|Any CPU = Release|Any CPU
	EndGlobalSection
	GlobalSection(ProjectConfigurationPlatforms) = postSolution
		{8AB08583-6463-4178-BFA8-335F3401157D}.Debug|Any CPU.ActiveCfg = Debug|Any CPU
		{8AB08583-6463-4178-BFA8-335F3401157D}.Debug|Any CPU.Build.0 = Debug|Any CPU
		{8AB08583-6463-4178-BFA8-335F3401157D}.Release|Any CPU.ActiveCfg = Release|Any CPU
		{8AB08583-6463-4178-BFA8-335F3401157D}.Release|Any CPU.Build.0 = Release|Any CPU
	EndGlobalSection
	GlobalSection(SolutionProperties) = preSolution
		HideSolutionNode = FALSE
	EndGlobalSection
	GlobalSection(ExtensibilityGlobals) = postSolution
		SolutionGuid = {58E9D295-A0A8-4BA6-B9C8-37DF48A61770}
	EndGlobalSection
EndGlobal
